{
  "nodes": {
    "helix": {
      "inputs": {
        "nixpkgs": [
          "nixpkgs-unstable"
        ],
        "rust-overlay": "rust-overlay"
      },
      "locked": {
        "lastModified": 1777617908,
        "narHash": "sha256-nn8tCFklSlI/T958bsmNfgGEk+VlYigUIFU/QYLWlug=",
        "owner": "helix-editor",
        "repo": "helix",
        "rev": "6e0d8cce12406eb4d376b88c75b84684daf540c2",
        "type": "github"
      },
      "original": {
        "owner": "helix-editor",
        "ref": "master",
        "repo": "helix",
        "type": "github"
      }
    },
    "home-manager": {
      "inputs": {
        "nixpkgs": [
          "nixpkgs-unstable"
        ]
      },
      "locked": {
        "lastModified": 1777679572,
        "narHash": "sha256-egYNbRrkn+6SwTHinhdb6WUfzzdC3nXfCRqS321VylY=",
        "owner": "nix-community",
        "repo": "home-manager",
        "rev": "9cb587ade2aa1b4a7257f0238d41072690b0ca4f",
        "type": "github"
      },
      "original": {
        "owner": "nix-community",
        "ref": "master",
        "repo": "home-manager",
        "type": "github"
      }
    },
    "musnix": {
      "inputs": {
        "nixpkgs": [
          "nixpkgs-unstable"
        ]
      },
      "locked": {
        "lastModified": 1773185476,
        "narHash": "sha256-COuJkFg669oalmEN3T61gD3gM9SfUsiGvDS9pCOphZY=",
        "owner": "musnix",
        "repo": "musnix",
        "rev": "739e2a1f94c87d5f4c8b880a12480185cf0d7620",
        "type": "github"
      },
      "original": {
        "owner": "musnix",
        "repo": "musnix",
        "type": "github"
      }
    },
    "nixpkgs-unstable": {
      "locked": {
        "lastModified": 1777548390,
        "narHash": "sha256-WacE23EbHTsBKvr8cu+1DFNbP6Rh1brHUH5SDUI0NQI=",
        "owner": "NixOS",
        "repo": "nixpkgs",
        "rev": "7aaa00e7cc9be6c316cb5f6617bd740dd435c59d",
        "type": "github"
      },
      "original": {
        "owner": "NixOS",
        "ref": "nixpkgs-unstable",
        "repo": "nixpkgs",
        "type": "github"
      }
    },
    "root": {
      "inputs": {
        "helix": "helix",
        "home-manager": "home-manager",
        "musnix": "musnix",
        "nixpkgs-unstable": "nixpkgs-unstable"
      }
    },
    "rust-overlay": {
      "inputs": {
        "nixpkgs": [
          "helix",
          "nixpkgs"
        ]
      },
      "locked": {
        "lastModified": 1775358767,
        "narHash": "sha256-f2eC+WIfhjevCPQILuV08i/kmKZzYZpUvkom/33VxCA=",
        "owner": "oxalica",
        "repo": "rust-overlay",
        "rev": "20fd44bc663daa53a2575e01293e24e681d62244",
        "type": "github"
      },
      "original": {
        "owner": "oxalica",
        "repo": "rust-overlay",
        "type": "github"
      }
    }
  },
  "root": "root",
  "version": 7
}
